
Microsoft Visual Studio Solution File, Format Version 12.00
# Visual Studio Version 16
VisualStudioVersion = 16.0.32228.343
MinimumVisualStudioVersion = 10.0.40219.1
Project("{FAE04EC0-301F-11D3-BF4B-00C04F79EFBC}") = "Game", "Game\Game.csproj", "{10BB132B-4FD0-4AEB-AAD4-EA33E1E6C618}"
EndProject
Global
	GlobalSection(SolutionConfigurationPlatforms) = preSolution
		Debug|Any CPU = Debug|Any CPU
		Release|Any CPU = Release|Any CPU
	EndGlobalSection
	GlobalSection(ProjectConfigurationPlatforms) = postSolution
		{10BB132B-4FD0-4AEB-AAD4-EA33E1E6C618}.Debug|Any CPU.ActiveCfg = Debug|Any CPU
		{10BB132B-4FD0-4AEB-AAD4-EA33E1E6C618}.Debug|Any CPU.Build.0 = Debug|Any CPU
		{10BB132B-4FD0-4AEB-AAD4-EA33E1E6C618}.Release|Any CPU.ActiveCfg = Release|Any CPU
		{10BB132B-4FD0-4AEB-AAD4-EA33E1E6C618}.Release|Any CPU.Build.0 = Release|Any CPU
	EndGlobalSection
	GlobalSection(SolutionProperties) = preSolution
		HideSolutionNode = FALSE
	EndGlobalSection
	GlobalSection(ExtensibilityGlobals) = postSolution
		SolutionGuid = {F6ED4223-FD31-452A-A51C-BEFB3B74CB9A}
	EndGlobalSection
EndGlobal
